
Microsoft Visual Studio Solution File, Format Version 12.00
# Visual Studio 15
VisualStudioVersion = 15.0.28307.1972
MinimumVisualStudioVersion = 10.0.40219.1
Project("{FAE04EC0-301F-11D3-BF4B-00C04F79EFBC}") = "MyApp", "MyApp\MyApp.csproj", "{E2BDC4F3-3775-4DAD-B21D-EE624DC85286}"
EndProject
Global
	GlobalSection(SolutionConfigurationPlatforms) = preSolution
		Debug|Any CPU = Debug|Any CPU
		Release|Any CPU = Release|Any CPU
	EndGlobalSection
	GlobalSection(ProjectConfigurationPlatforms) = postSolution
		{E2BDC4F3-3775-4DAD-B21D-EE624DC85286}.Debug|Any CPU.ActiveCfg = Debug|Any CPU
		{E2BDC4F3-3775-4DAD-B21D-EE624DC85286}.Debug|Any CPU.Build.0 = Debug|Any CPU
		{E2BDC4F3-3775-4DAD-B21D-EE624DC85286}.Release|Any CPU.ActiveCfg = Release|Any CPU
		{E2BDC4F3-3775-4DAD-B21D-EE624DC85286}.Release|Any CPU.Build.0 = Release|Any CPU
	EndGlobalSection
	GlobalSection(SolutionProperties) = preSolution
		HideSolutionNode = FALSE
	EndGlobalSection
	GlobalSection(ExtensibilityGlobals) = postSolution
		SolutionGuid = {89E66D2C-A640-4F27-9D3A-10B920B10A87}
	EndGlobalSection
EndGlobal
